
Microsoft Visual Studio Solution File, Format Version 12.00
# Visual Studio Version 17
VisualStudioVersion = 17.3.32929.385
MinimumVisualStudioVersion = 10.0.40219.1
Project("{FAE04EC0-301F-11D3-BF4B-00C04F79EFBC}") = "LAB6WPF", "LAB6WPF\LAB6WPF.csproj", "{8B0DE706-BDC7-4084-A854-E26DFFE3C6C9}"
EndProject
Global
	GlobalSection(SolutionConfigurationPlatforms) = preSolution
		Debug|Any CPU = Debug|Any CPU
		Release|Any CPU = Release|Any CPU
	EndGlobalSection
	GlobalSection(ProjectConfigurationPlatforms) = postSolution
		{8B0DE706-BDC7-4084-A854-E26DFFE3C6C9}.Debug|Any CPU.ActiveCfg = Debug|Any CPU
		{8B0DE706-BDC7-4084-A854-E26DFFE3C6C9}.Debug|Any CPU.Build.0 = Debug|Any CPU
		{8B0DE706-BDC7-4084-A854-E26DFFE3C6C9}.Release|Any CPU.ActiveCfg = Release|Any CPU
		{8B0DE706-BDC7-4084-A854-E26DFFE3C6C9}.Release|Any CPU.Build.0 = Release|Any CPU
	EndGlobalSection
	GlobalSection(SolutionProperties) = preSolution
		HideSolutionNode = FALSE
	EndGlobalSection
	GlobalSection(ExtensibilityGlobals) = postSolution
		SolutionGuid = {D0595013-5A0B-4D44-A4F6-50D53C7BEA8F}
	EndGlobalSection
EndGlobal
